
Microsoft Visual Studio Solution File, Format Version 12.00
# Visual Studio Version 17
VisualStudioVersion = 17.10.35013.160
MinimumVisualStudioVersion = 10.0.40219.1
Project("{FAE04EC0-301F-11D3-BF4B-00C04F79EFBC}") = "CanvasDrawinApplication", "CanvasDrawinApplication.csproj", "{3F29869C-D1C4-4C29-AB6A-E446677F0E7C}"
EndProject
Global
	GlobalSection(SolutionConfigurationPlatforms) = preSolution
		Debug|Any CPU = Debug|Any CPU
		Release|Any CPU = Release|Any CPU
	EndGlobalSection
	GlobalSection(ProjectConfigurationPlatforms) = postSolution
		{3F29869C-D1C4-4C29-AB6A-E446677F0E7C}.Debug|Any CPU.ActiveCfg = Debug|Any CPU
		{3F29869C-D1C4-4C29-AB6A-E446677F0E7C}.Debug|Any CPU.Build.0 = Debug|Any CPU
		{3F29869C-D1C4-4C29-AB6A-E446677F0E7C}.Release|Any CPU.ActiveCfg = Release|Any CPU
		{3F29869C-D1C4-4C29-AB6A-E446677F0E7C}.Release|Any CPU.Build.0 = Release|Any CPU
	EndGlobalSection
	GlobalSection(SolutionProperties) = preSolution
		HideSolutionNode = FALSE
	EndGlobalSection
	GlobalSection(ExtensibilityGlobals) = postSolution
		SolutionGuid = {00D77E8B-E2D7-4518-8559-274921B6A715}
	EndGlobalSection
EndGlobal
